// !$*UTF8*$!
{
	archiveVersion = 1;
	classes = {
	};
	objectVersion = 77;
	objects = {

/* Begin PBXContainerItemProxy section */
		9FB2FA2A2DCCCCA000FB31BB /* PBXContainerItemProxy */ = {
			isa = PBXContainerItemProxy;
			containerPortal = 9FB2FA132DCCCC9F00FB31BB /* Project object */;
			proxyType = 1;
			remoteGlobalIDString = 9FB2FA1A2DCCCC9F00FB31BB;
			remoteInfo = yahgs;
		};
		9FB2FA342DCCCCA000FB31BB /* PBXContainerItemProxy */ = {
			isa = PBXContainerItemProxy;
			containerPortal = 9FB2FA132DCCCC9F00FB31BB /* Project object */;
			proxyType = 1;
			remoteGlobalIDString = 9FB2FA1A2DCCCC9F00FB31BB;
			remoteInfo = yahgs;
		};
/* End PBXContainerItemProxy section */

/* Begin PBXFileReference section */
		9FB2FA1B2DCCCC9F00FB31BB /* yahgs.app */ = {isa = PBXFileReference; explicitFileType = wrapper.application; includeInIndex = 0; path = yahgs.app; sourceTree = BUILT_PRODUCTS_DIR; };
		9FB2FA292DCCCCA000FB31BB /* yahgsTests.xctest */ = {isa = PBXFileReference; explicitFileType = wrapper.cfbundle; includeInIndex = 0; path = yahgsTests.xctest; sourceTree = BUILT_PRODUCTS_DIR; };
		9FB2FA332DCCCCA000FB31BB /* yahgsUITests.xctest */ = {isa = PBXFileReference; explicitFileType = wrapper.cfbundle; includeInIndex = 0; path = yahgsUITests.xctest; sourceTree = BUILT_PRODUCTS_DIR; };
/* End PBXFileReference section */

/* Begin PBXFileSystemSynchronizedRootGroup section */
		9FB2FA1D2DCCCC9F00FB31BB /* yahgs */ = {
			isa = PBXFileSystemSynchronizedRootGroup;
			path = yahgs;
			sourceTree = "<group>";
		};
		9FB2FA2C2DCCCCA000FB31BB /* yahgsTests */ = {
			isa = PBXFileSystemSynchronizedRootGroup;
			path = yahgsTests;
			sourceTree = "<group>";
		};
		9FB2FA362DCCCCA000FB31BB /* yahgsUITests */ = {
			isa = PBXFileSystemSynchronizedRootGroup;
			path = yahgsUITests;
			sourceTree = "<group>";
		};
/* End PBXFileSystemSynchronizedRootGroup section */

/* Begin PBXFrameworksBuildPhase section */
		9FB2FA182DCCCC9F00FB31BB /* Frameworks */ = {
			isa = PBXFrameworksBuildPhase;
			buildActionMask = 2147483647;
			files = (
			);
			runOnlyForDeploymentPostprocessing = 0;
		};
		9FB2FA262DCCCCA000FB31BB /* Frameworks */ = {
			isa = PBXFrameworksBuildPhase;
			buildActionMask = 2147483647;
			files = (
			);
			runOnlyForDeploymentPostprocessing = 0;
		};
		9FB2FA302DCCCCA000FB31BB /* Frameworks */ = {
			isa = PBXFrameworksBuildPhase;
			buildActionMask = 2147483647;
			files = (
			);
			runOnlyForDeploymentPostprocessing = 0;
		};
/* End PBXFrameworksBuildPhase section */

/* Begin PBXGroup section */
		9FB2FA122DCCCC9F00FB31BB = {
			isa = PBXGroup;
			children = (
				9FB2FA1D2DCCCC9F00FB31BB /* yahgs */,
				9FB2FA2C2DCCCCA000FB31BB /* yahgsTests */,
				9FB2FA362DCCCCA000FB31BB /* yahgsUITests */,
				9FB2FA1C2DCCCC9F00FB31BB /* Products */,
			);
			sourceTree = "<group>";
		};
		9FB2FA1C2DCCCC9F00FB31BB /* Products */ = {
			isa = PBXGroup;
			children = (
				9FB2FA1B2DCCCC9F00FB31BB /* yahgs.app */,
				9FB2FA292DCCCCA000FB31BB /* yahgsTests.xctest */,
				9FB2FA332DCCCCA000FB31BB /* yahgsUITests.xctest */,
			);
			name = Products;
			sourceTree = "<group>";
		};
/* End PBXGroup section */

/* Begin PBXNativeTarget section */
		9FB2FA1A2DCCCC9F00FB31BB /* yahgs */ = {
			isa = PBXNativeTarget;
			buildConfigurationList = 9FB2FA3D2DCCCCA000FB31BB /* Build configuration list for PBXNativeTarget "yahgs" */;
			buildPhases = (
				9FB2FA172DCCCC9F00FB31BB /* Sources */,
				9FB2FA182DCCCC9F00FB31BB /* Frameworks */,
				9FB2FA192DCCCC9F00FB31BB /* Resources */,
			);
			buildRules = (
			);
			dependencies = (
			);
			fileSystemSynchronizedGroups = (
				9FB2FA1D2DCCCC9F00FB31BB /* yahgs */,
			);
			name = yahgs;
			packageProductDependencies = (
			);
			productName = yahgs;
			productReference = 9FB2FA1B2DCCCC9F00FB31BB /* yahgs.app */;
			productType = "com.apple.product-type.application";
		};
		9FB2FA282DCCCCA000FB31BB /* yahgsTests */ = {
			isa = PBXNativeTarget;
			buildConfigurationList = 9FB2FA402DCCCCA000FB31BB /* Build configuration list for PBXNativeTarget "yahgsTests" */;
			buildPhases = (
				9FB2FA252DCCCCA000FB31BB /* Sources */,
				9FB2FA262DCCCCA000FB31BB /* Frameworks */,
				9FB2FA272DCCCCA000FB31BB /* Resources */,
			);
			buildRules = (
			);
			dependencies = (
				9FB2FA2B2DCCCCA000FB31BB /* PBXTargetDependency */,
			);
			fileSystemSynchronizedGroups = (
				9FB2FA2C2DCCCCA000FB31BB /* yahgsTests */,
			);
			name = yahgsTests;
			packageProductDependencies = (
			);
			productName = yahgsTests;
			productReference = 9FB2FA292DCCCCA000FB31BB /* yahgsTests.xctest */;
			productType = "com.apple.product-type.bundle.unit-test";
		};
		9FB2FA322DCCCCA000FB31BB /* yahgsUITests */ = {
			isa = PBXNativeTarget;
			buildConfigurationList = 9FB2FA432DCCCCA000FB31BB /* Build configuration list for PBXNativeTarget "yahgsUITests" */;
			buildPhases = (
				9FB2FA2F2DCCCCA000FB31BB /* Sources */,
				9FB2FA302DCCCCA000FB31BB /* Frameworks */,
				9FB2FA312DCCCCA000FB31BB /* Resources */,
			);
			buildRules = (
			);
			dependencies = (
				9FB2FA352DCCCCA000FB31BB /* PBXTargetDependency */,
			);
			fileSystemSynchronizedGroups = (
				9FB2FA362DCCCCA000FB31BB /* yahgsUITests */,
			);
			name = yahgsUITests;
			packageProductDependencies = (
			);
			productName = yahgsUITests;
			productReference = 9FB2FA332DCCCCA000FB31BB /* yahgsUITests.xctest */;
			productType = "com.apple.product-type.bundle.ui-testing";
		};
/* End PBXNativeTarget section */

/* Begin PBXProject section */
		9FB2FA132DCCCC9F00FB31BB /* Project object */ = {
			isa = PBXProject;
			attributes = {
				BuildIndependentTargetsInParallel = 1;
				LastSwiftUpdateCheck = 1630;
				LastUpgradeCheck = 1630;
				TargetAttributes = {
					9FB2FA1A2DCCCC9F00FB31BB = {
						CreatedOnToolsVersion = 16.3;
					};
					9FB2FA282DCCCCA000FB31BB = {
						CreatedOnToolsVersion = 16.3;
						TestTargetID = 9FB2FA1A2DCCCC9F00FB31BB;
					};
					9FB2FA322DCCCCA000FB31BB = {
						CreatedOnToolsVersion = 16.3;
						TestTargetID = 9FB2FA1A2DCCCC9F00FB31BB;
					};
				};
			};
			buildConfigurationList = 9FB2FA162DCCCC9F00FB31BB /* Build configuration list for PBXProject "yahgs" */;
			developmentRegion = en;
			hasScannedForEncodings = 0;
			knownRegions = (
				en,
				Base,
			);
			mainGroup = 9FB2FA122DCCCC9F00FB31BB;
			minimizedProjectReferenceProxies = 1;
			preferredProjectObjectVersion = 77;
			productRefGroup = 9FB2FA1C2DCCCC9F00FB31BB /* Products */;
			projectDirPath = "";
			projectRoot = "";
			targets = (
				9FB2FA1A2DCCCC9F00FB31BB /* yahgs */,
				9FB2FA282DCCCCA000FB31BB /* yahgsTests */,
				9FB2FA322DCCCCA000FB31BB /* yahgsUITests */,
			);
		};
/* End PBXProject section */

/* Begin PBXResourcesBuildPhase section */
		9FB2FA192DCCCC9F00FB31BB /* Resources */ = {
			isa = PBXResourcesBuildPhase;
			buildActionMask = 2147483647;
			files = (
			);
			runOnlyForDeploymentPostprocessing = 0;
		};
		9FB2FA272DCCCCA000FB31BB /* Resources */ = {
			isa = PBXResourcesBuildPhase;
			buildActionMask = 2147483647;
			files = (
			);
			runOnlyForDeploymentPostprocessing = 0;
		};
		9FB2FA312DCCCCA000FB31BB /* Resources */ = {
			isa = PBXResourcesBuildPhase;
			buildActionMask = 2147483647;
			files = (
			);
			runOnlyForDeploymentPostprocessing = 0;
		};
/* End PBXResourcesBuildPhase section */

/* Begin PBXSourcesBuildPhase section */
		9FB2FA172DCCCC9F00FB31BB /* Sources */ = {
			isa = PBXSourcesBuildPhase;
			buildActionMask = 2147483647;
			files = (
			);
			runOnlyForDeploymentPostprocessing = 0;
		};
		9FB2FA252DCCCCA000FB31BB /* Sources */ = {
			isa = PBXSourcesBuildPhase;
			buildActionMask = 2147483647;
			files = (
			);
			runOnlyForDeploymentPostprocessing = 0;
		};
		9FB2FA2F2DCCCCA000FB31BB /* Sources */ = {
			isa = PBXSourcesBuildPhase;
			buildActionMask = 2147483647;
			files = (
			);
			runOnlyForDeploymentPostprocessing = 0;
		};
/* End PBXSourcesBuildPhase section */

/* Begin PBXTargetDependency section */
		9FB2FA2B2DCCCCA000FB31BB /* PBXTargetDependency */ = {
			isa = PBXTargetDependency;
			target = 9FB2FA1A2DCCCC9F00FB31BB /* yahgs */;
			targetProxy = 9FB2FA2A2DCCCCA000FB31BB /* PBXContainerItemProxy */;
		};
		9FB2FA352DCCCCA000FB31BB /* PBXTargetDependency */ = {
			isa = PBXTargetDependency;
			target = 9FB2FA1A2DCCCC9F00FB31BB /* yahgs */;
			targetProxy = 9FB2FA342DCCCCA000FB31BB /* PBXContainerItemProxy */;
		};
/* End PBXTargetDependency section */

/* Begin XCBuildConfiguration section */
		9FB2FA3B2DCCCCA000FB31BB /* Debug */ = {
			isa = XCBuildConfiguration;
			buildSettings = {
				ALWAYS_SEARCH_USER_PATHS = NO;
				ASSETCATALOG_COMPILER_GENERATE_SWIFT_ASSET_SYMBOL_EXTENSIONS = YES;
				CLANG_ANALYZER_NONNULL = YES;
				CLANG_ANALYZER_NUMBER_OBJECT_CONVERSION = YES_AGGRESSIVE;
				CLANG_CXX_LANGUAGE_STANDARD = "gnu++20";
				CLANG_ENABLE_MODULES = YES;
				CLANG_ENABLE_OBJC_ARC = YES;
				CLANG_ENABLE_OBJC_WEAK = YES;
				CLANG_WARN_BLOCK_CAPTURE_AUTORELEASING = YES;
				CLANG_WARN_BOOL_CONVERSION = YES;
				CLANG_WARN_COMMA = YES;
				CLANG_WARN_CONSTANT_CONVERSION = YES;
				CLANG_WARN_DEPRECATED_OBJC_IMPLEMENTATIONS = YES;
				CLANG_WARN_DIRECT_OBJC_ISA_USAGE = YES_ERROR;
				CLANG_WARN_DOCUMENTATION_COMMENTS = YES;
				CLANG_WARN_EMPTY_BODY = YES;
				CLANG_WARN_ENUM_CONVERSION = YES;
				CLANG_WARN_INFINITE_RECURSION = YES;
				CLANG_WARN_INT_CONVERSION = YES;
				CLANG_WARN_NON_LITERAL_NULL_CONVERSION = YES;
				CLANG_WARN_OBJC_IMPLICIT_RETAIN_SELF = YES;
				CLANG_WARN_OBJC_LITERAL_CONVERSION = YES;
				CLANG_WARN_OBJC_ROOT_CLASS = YES_ERROR;
				CLANG_WARN_QUOTED_INCLUDE_IN_FRAMEWORK_HEADER = YES;
				CLANG_WARN_RANGE_LOOP_ANALYSIS = YES;
				CLANG_WARN_STRICT_PROTOTYPES = YES;
				CLANG_WARN_SUSPICIOUS_MOVE = YES;
				CLANG_WARN_UNGUARDED_AVAILABILITY = YES_AGGRESSIVE;
				CLANG_WARN_UNREACHABLE_CODE = YES;
				CLANG_WARN__DUPLICATE_METHOD_MATCH = YES;
				COPY_PHASE_STRIP = NO;
				DEBUG_INFORMATION_FORMAT = dwarf;
				ENABLE_STRICT_OBJC_MSGSEND = YES;
				ENABLE_TESTABILITY = YES;
				ENABLE_USER_SCRIPT_SANDBOXING = YES;
				GCC_C_LANGUAGE_STANDARD = gnu17;
				GCC_DYNAMIC_NO_PIC = NO;
				GCC_NO_COMMON_BLOCKS = YES;
				GCC_OPTIMIZATION_LEVEL = 0;
				GCC_PREPROCESSOR_DEFINITIONS = (
					"DEBUG=1",
					"$(inherited)",
				);
				GCC_WARN_64_TO_32_BIT_CONVERSION = YES;
				GCC_WARN_ABOUT_RETURN_TYPE = YES_ERROR;
				GCC_WARN_UNDECLARED_SELECTOR = YES;
				GCC_WARN_UNINITIALIZED_AUTOS = YES_AGGRESSIVE;
				GCC_WARN_UNUSED_FUNCTION = YES;
				GCC_WARN_UNUSED_VARIABLE = YES;
				LOCALIZATION_PREFERS_STRING_CATALOGS = YES;
				MACOSX_DEPLOYMENT_TARGET = 15.4;
				MTL_ENABLE_DEBUG_INFO = INCLUDE_SOURCE;
				MTL_FAST_MATH = YES;
				ONLY_ACTIVE_ARCH = YES;
				SDKROOT = macosx;
				SWIFT_ACTIVE_COMPILATION_CONDITIONS = "DEBUG $(inherited)";
				SWIFT_OPTIMIZATION_LEVEL = "-Onone";
			};
			name = Debug;
		};
		9FB2FA3C2DCCCCA000FB31BB /* Release */ = {
			isa = XCBuildConfiguration;
			buildSettings = {
				ALWAYS_SEARCH_USER_PATHS = NO;
				ASSETCATALOG_COMPILER_GENERATE_SWIFT_ASSET_SYMBOL_EXTENSIONS = YES;
				CLANG_ANALYZER_NONNULL = YES;
				CLANG_ANALYZER_NUMBER_OBJECT_CONVERSION = YES_AGGRESSIVE;
				CLANG_CXX_LANGUAGE_STANDARD = "gnu++20";
				CLANG_ENABLE_MODULES = YES;
				CLANG_ENABLE_OBJC_ARC = YES;
				CLANG_ENABLE_OBJC_WEAK = YES;
				CLANG_WARN_BLOCK_CAPTURE_AUTORELEASING = YES;
				CLANG_WARN_BOOL_CONVERSION = YES;
				CLANG_WARN_COMMA = YES;
				CLANG_WARN_CONSTANT_CONVERSION = YES;
				CLANG_WARN_DEPRECATED_OBJC_IMPLEMENTATIONS = YES;
				CLANG_WARN_DIRECT_OBJC_ISA_USAGE = YES_ERROR;
				CLANG_WARN_DOCUMENTATION_COMMENTS = YES;
				CLANG_WARN_EMPTY_BODY = YES;
				CLANG_WARN_ENUM_CONVERSION = YES;
				CLANG_WARN_INFINITE_RECURSION = YES;
				CLANG_WARN_INT_CONVERSION = YES;
				CLANG_WARN_NON_LITERAL_NULL_CONVERSION = YES;
				CLANG_WARN_OBJC_IMPLICIT_RETAIN_SELF = YES;
				CLANG_WARN_OBJC_LITERAL_CONVERSION = YES;
				CLANG_WARN_OBJC_ROOT_CLASS = YES_ERROR;
				CLANG_WARN_QUOTED_INCLUDE_IN_FRAMEWORK_HEADER = YES;
				CLANG_WARN_RANGE_LOOP_ANALYSIS = YES;
				CLANG_WARN_STRICT_PROTOTYPES = YES;
				CLANG_WARN_SUSPICIOUS_MOVE = YES;
				CLANG_WARN_UNGUARDED_AVAILABILITY = YES_AGGRESSIVE;
				CLANG_WARN_UNREACHABLE_CODE = YES;
				CLANG_WARN__DUPLICATE_METHOD_MATCH = YES;
				COPY_PHASE_STRIP = NO;
				DEBUG_INFORMATION_FORMAT = "dwarf-with-dsym";
				ENABLE_NS_ASSERTIONS = NO;
				ENABLE_STRICT_OBJC_MSGSEND = YES;
				ENABLE_USER_SCRIPT_SANDBOXING = YES;
				GCC_C_LANGUAGE_STANDARD = gnu17;
				GCC_NO_COMMON_BLOCKS = YES;
				GCC_WARN_64_TO_32_BIT_CONVERSION = YES;
				GCC_WARN_ABOUT_RETURN_TYPE = YES_ERROR;
				GCC_WARN_UNDECLARED_SELECTOR = YES;
				GCC_WARN_UNINITIALIZED_AUTOS = YES_AGGRESSIVE;
				GCC_WARN_UNUSED_FUNCTION = YES;
				GCC_WARN_UNUSED_VARIABLE = YES;
				LOCALIZATION_PREFERS_STRING_CATALOGS = YES;
				MACOSX_DEPLOYMENT_TARGET = 15.4;
				MTL_ENABLE_DEBUG_INFO = NO;
				MTL_FAST_MATH = YES;
				SDKROOT = macosx;
				SWIFT_COMPILATION_MODE = wholemodule;
			};
			name = Release;
		};
		9FB2FA3E2DCCCCA000FB31BB /* Debug */ = {
			isa = XCBuildConfiguration;
			buildSettings = {
				ASSETCATALOG_COMPILER_APPICON_NAME = AppIcon;
				ASSETCATALOG_COMPILER_GLOBAL_ACCENT_COLOR_NAME = AccentColor;
				CODE_SIGN_ENTITLEMENTS = yahgs/yahgs.entitlements;
				CODE_SIGN_STYLE = Automatic;
				COMBINE_HIDPI_IMAGES = YES;
				CURRENT_PROJECT_VERSION = 1;
				ENABLE_PREVIEWS = YES;
				GENERATE_INFOPLIST_FILE = YES;
				INFOPLIST_KEY_NSHumanReadableCopyright = "";
				LD_RUNPATH_SEARCH_PATHS = (
					"$(inherited)",
					"@executable_path/../Frameworks",
				);
				MARKETING_VERSION = 1.0;
				PRODUCT_BUNDLE_IDENTIFIER = yahgs.yahgs;
				PRODUCT_NAME = "$(TARGET_NAME)";
				REGISTER_APP_GROUPS = YES;
				SWIFT_EMIT_LOC_STRINGS = YES;
				SWIFT_VERSION = 5.0;
			};
			name = Debug;
		};
		9FB2FA3F2DCCCCA000FB31BB /* Release */ = {
			isa = XCBuildConfiguration;
			buildSettings = {
				ASSETCATALOG_COMPILER_APPICON_NAME = AppIcon;
				ASSETCATALOG_COMPILER_GLOBAL_ACCENT_COLOR_NAME = AccentColor;
				CODE_SIGN_ENTITLEMENTS = yahgs/yahgs.entitlements;
				CODE_SIGN_STYLE = Automatic;
				COMBINE_HIDPI_IMAGES = YES;
				CURRENT_PROJECT_VERSION = 1;
				ENABLE_PREVIEWS = YES;
				GENERATE_INFOPLIST_FILE = YES;
				INFOPLIST_KEY_NSHumanReadableCopyright = "";
				LD_RUNPATH_SEARCH_PATHS = (
					"$(inherited)",
					"@executable_path/../Frameworks",
				);
				MARKETING_VERSION = 1.0;
				PRODUCT_BUNDLE_IDENTIFIER = yahgs.yahgs;
				PRODUCT_NAME = "$(TARGET_NAME)";
				REGISTER_APP_GROUPS = YES;
				SWIFT_EMIT_LOC_STRINGS = YES;
				SWIFT_VERSION = 5.0;
			};
			name = Release;
		};
		9FB2FA412DCCCCA000FB31BB /* Debug */ = {
			isa = XCBuildConfiguration;
			buildSettings = {
				BUNDLE_LOADER = "$(TEST_HOST)";
				CODE_SIGN_STYLE = Automatic;
				CURRENT_PROJECT_VERSION = 1;
				GENERATE_INFOPLIST_FILE = YES;
				MACOSX_DEPLOYMENT_TARGET = 15.4;
				MARKETING_VERSION = 1.0;
				PRODUCT_BUNDLE_IDENTIFIER = yahgs.yahgsTests;
				PRODUCT_NAME = "$(TARGET_NAME)";
				SWIFT_EMIT_LOC_STRINGS = NO;
				SWIFT_VERSION = 5.0;
				TEST_HOST = "$(BUILT_PRODUCTS_DIR)/yahgs.app/$(BUNDLE_EXECUTABLE_FOLDER_PATH)/yahgs";
			};
			name = Debug;
		};
		9FB2FA422DCCCCA000FB31BB /* Release */ = {
			isa = XCBuildConfiguration;
			buildSettings = {
				BUNDLE_LOADER = "$(TEST_HOST)";
				CODE_SIGN_STYLE = Automatic;
				CURRENT_PROJECT_VERSION = 1;
				GENERATE_INFOPLIST_FILE = YES;
				MACOSX_DEPLOYMENT_TARGET = 15.4;
				MARKETING_VERSION = 1.0;
				PRODUCT_BUNDLE_IDENTIFIER = yahgs.yahgsTests;
				PRODUCT_NAME = "$(TARGET_NAME)";
				SWIFT_EMIT_LOC_STRINGS = NO;
				SWIFT_VERSION = 5.0;
				TEST_HOST = "$(BUILT_PRODUCTS_DIR)/yahgs.app/$(BUNDLE_EXECUTABLE_FOLDER_PATH)/yahgs";
			};
			name = Release;
		};
		9FB2FA442DCCCCA000FB31BB /* Debug */ = {
			isa = XCBuildConfiguration;
			buildSettings = {
				CODE_SIGN_STYLE = Automatic;
				CURRENT_PROJECT_VERSION = 1;
				GENERATE_INFOPLIST_FILE = YES;
				MARKETING_VERSION = 1.0;
				PRODUCT_BUNDLE_IDENTIFIER = yahgs.yahgsUITests;
				PRODUCT_NAME = "$(TARGET_NAME)";
				SWIFT_EMIT_LOC_STRINGS = NO;
				SWIFT_VERSION = 5.0;
				TEST_TARGET_NAME = yahgs;
			};
			name = Debug;
		};
		9FB2FA452DCCCCA000FB31BB /* Release */ = {
			isa = XCBuildConfiguration;
			buildSettings = {
				CODE_SIGN_STYLE = Automatic;
				CURRENT_PROJECT_VERSION = 1;
				GENERATE_INFOPLIST_FILE = YES;
				MARKETING_VERSION = 1.0;
				PRODUCT_BUNDLE_IDENTIFIER = yahgs.yahgsUITests;
				PRODUCT_NAME = "$(TARGET_NAME)";
				SWIFT_EMIT_LOC_STRINGS = NO;
				SWIFT_VERSION = 5.0;
				TEST_TARGET_NAME = yahgs;
			};
			name = Release;
		};
/* End XCBuildConfiguration section */

/* Begin XCConfigurationList section */
		9FB2FA162DCCCC9F00FB31BB /* Build configuration list for PBXProject "yahgs" */ = {
			isa = XCConfigurationList;
			buildConfigurations = (
				9FB2FA3B2DCCCCA000FB31BB /* Debug */,
				9FB2FA3C2DCCCCA000FB31BB /* Release */,
			);
			defaultConfigurationIsVisible = 0;
			defaultConfigurationName = Release;
		};
		9FB2FA3D2DCCCCA000FB31BB /* Build configuration list for PBXNativeTarget "yahgs" */ = {
			isa = XCConfigurationList;
			buildConfigurations = (
				9FB2FA3E2DCCCCA000FB31BB /* Debug */,
				9FB2FA3F2DCCCCA000FB31BB /* Release */,
			);
			defaultConfigurationIsVisible = 0;
			defaultConfigurationName = Release;
		};
		9FB2FA402DCCCCA000FB31BB /* Build configuration list for PBXNativeTarget "yahgsTests" */ = {
			isa = XCConfigurationList;
			buildConfigurations = (
				9FB2FA412DCCCCA000FB31BB /* Debug */,
				9FB2FA422DCCCCA000FB31BB /* Release */,
			);
			defaultConfigurationIsVisible = 0;
			defaultConfigurationName = Release;
		};
		9FB2FA432DCCCCA000FB31BB /* Build configuration list for PBXNativeTarget "yahgsUITests" */ = {
			isa = XCConfigurationList;
			buildConfigurations = (
				9FB2FA442DCCCCA000FB31BB /* Debug */,
				9FB2FA452DCCCCA000FB31BB /* Release */,
			);
			defaultConfigurationIsVisible = 0;
			defaultConfigurationName = Release;
		};
/* End XCConfigurationList section */
	};
	rootObject = 9FB2FA132DCCCC9F00FB31BB /* Project object */;
}
